
Microsoft Visual Studio Solution File, Format Version 12.00
# Visual Studio Version 17
VisualStudioVersion = 17.5.002.0
MinimumVisualStudioVersion = 10.0.40219.1
Project("{9A19103F-16F7-4668-BE54-9A1E7A4F7556}") = "FlapFirebird", "FlapFirebird\FlapFirebird.csproj", "{78AFB20B-B396-42C8-84B9-5513A7AAF568}"
EndProject
Global
	GlobalSection(SolutionConfigurationPlatforms) = preSolution
		Debug|Any CPU = Debug|Any CPU
		Release|Any CPU = Release|Any CPU
	EndGlobalSection
	GlobalSection(ProjectConfigurationPlatforms) = postSolution
		{78AFB20B-B396-42C8-84B9-5513A7AAF568}.Debug|Any CPU.ActiveCfg = Debug|Any CPU
		{78AFB20B-B396-42C8-84B9-5513A7AAF568}.Debug|Any CPU.Build.0 = Debug|Any CPU
		{78AFB20B-B396-42C8-84B9-5513A7AAF568}.Release|Any CPU.ActiveCfg = Release|Any CPU
		{78AFB20B-B396-42C8-84B9-5513A7AAF568}.Release|Any CPU.Build.0 = Release|Any CPU
	EndGlobalSection
	GlobalSection(SolutionProperties) = preSolution
		HideSolutionNode = FALSE
	EndGlobalSection
	GlobalSection(ExtensibilityGlobals) = postSolution
		SolutionGuid = {2A585BDB-76F6-4DE3-8986-386D89C56521}
	EndGlobalSection
EndGlobal
